// !$*UTF8*$!
{
	archiveVersion = 1;
	classes = {
	};
	objectVersion = 55;
	objects = {

/* Begin PBXBuildFile section */
		77BD3D75291D79D9000A1DB2 /* VIPCleanPOCTests.swift in Sources */ = {isa = PBXBuildFile; fileRef = 77BD3D74291D79D9000A1DB2 /* VIPCleanPOCTests.swift */; };
		77BD3D8D291D7ADA000A1DB2 /* TemplateIcon@2x.png in Resources */ = {isa = PBXBuildFile; fileRef = 77BD3D78291D7ADA000A1DB2 /* TemplateIcon@2x.png */; };
		77BD3D8E291D7ADA000A1DB2 /* ___FILEBASENAME___Coordinator.swift in Sources */ = {isa = PBXBuildFile; fileRef = 77BD3D7B291D7ADA000A1DB2 /* ___FILEBASENAME___Coordinator.swift */; };
		77BD3D8F291D7ADA000A1DB2 /* ___FILEBASENAME___CoordinatorProtocol.swift in Sources */ = {isa = PBXBuildFile; fileRef = 77BD3D7C291D7ADA000A1DB2 /* ___FILEBASENAME___CoordinatorProtocol.swift */; };
		77BD3D90291D7ADA000A1DB2 /* ___FILEBASENAME___Presenter.swift in Sources */ = {isa = PBXBuildFile; fileRef = 77BD3D7E291D7ADA000A1DB2 /* ___FILEBASENAME___Presenter.swift */; };
		77BD3D91291D7ADA000A1DB2 /* ___FILEBASENAME___PresenterProtocol.swift in Sources */ = {isa = PBXBuildFile; fileRef = 77BD3D7F291D7ADA000A1DB2 /* ___FILEBASENAME___PresenterProtocol.swift */; };
		77BD3D92291D7ADA000A1DB2 /* ___FILEBASENAME___Controller.swift in Sources */ = {isa = PBXBuildFile; fileRef = 77BD3D81291D7ADA000A1DB2 /* ___FILEBASENAME___Controller.swift */; };
		77BD3D93291D7ADA000A1DB2 /* ___FILEBASENAME___ControllerProtocol.swift in Sources */ = {isa = PBXBuildFile; fileRef = 77BD3D82291D7ADA000A1DB2 /* ___FILEBASENAME___ControllerProtocol.swift */; };
		77BD3D94291D7ADA000A1DB2 /* ___FILEBASENAME___ViewProtocol.swift in Sources */ = {isa = PBXBuildFile; fileRef = 77BD3D84291D7ADA000A1DB2 /* ___FILEBASENAME___ViewProtocol.swift */; };
		77BD3D95291D7ADA000A1DB2 /* ___FILEBASENAME___View.swift in Sources */ = {isa = PBXBuildFile; fileRef = 77BD3D85291D7ADA000A1DB2 /* ___FILEBASENAME___View.swift */; };
		77BD3D96291D7ADA000A1DB2 /* ___FILEBASENAME___InteractorProtocol.swift in Sources */ = {isa = PBXBuildFile; fileRef = 77BD3D87291D7ADA000A1DB2 /* ___FILEBASENAME___InteractorProtocol.swift */; };
		77BD3D97291D7ADA000A1DB2 /* ___FILEBASENAME___Interactor.swift in Sources */ = {isa = PBXBuildFile; fileRef = 77BD3D88291D7ADA000A1DB2 /* ___FILEBASENAME___Interactor.swift */; };
		77BD3D98291D7ADA000A1DB2 /* ___FILEBASENAME___Resourses.swift in Sources */ = {isa = PBXBuildFile; fileRef = 77BD3D8A291D7ADA000A1DB2 /* ___FILEBASENAME___Resourses.swift */; };
		77BD3D99291D7ADA000A1DB2 /* TemplateIcon.png in Resources */ = {isa = PBXBuildFile; fileRef = 77BD3D8B291D7ADA000A1DB2 /* TemplateIcon.png */; };
		77BD3D9A291D7ADA000A1DB2 /* TemplateInfo.plist in Resources */ = {isa = PBXBuildFile; fileRef = 77BD3D8C291D7ADA000A1DB2 /* TemplateInfo.plist */; };
		77BD3DC329211C84000A1DB2 /* ExampleChildTests.swift in Sources */ = {isa = PBXBuildFile; fileRef = 77BD3DC229211C84000A1DB2 /* ExampleChildTests.swift */; };
		77BD3DC72922603F000A1DB2 /* AppBuilderProvider.swift in Sources */ = {isa = PBXBuildFile; fileRef = 77BD3DC62922603F000A1DB2 /* AppBuilderProvider.swift */; };
		77BD3DC929226071000A1DB2 /* AppBuilder.swift in Sources */ = {isa = PBXBuildFile; fileRef = 77BD3DC829226071000A1DB2 /* AppBuilder.swift */; };
		77BD3DCB292260FD000A1DB2 /* NetworkServiceProtocol.swift in Sources */ = {isa = PBXBuildFile; fileRef = 77BD3DCA292260FD000A1DB2 /* NetworkServiceProtocol.swift */; };
		77BD3DCD29226365000A1DB2 /* NetworkClientProtocol.swift in Sources */ = {isa = PBXBuildFile; fileRef = 77BD3DCC29226365000A1DB2 /* NetworkClientProtocol.swift */; };
		77BD3DCF292264D0000A1DB2 /* NetworkHTTPHelper.swift in Sources */ = {isa = PBXBuildFile; fileRef = 77BD3DCE292264D0000A1DB2 /* NetworkHTTPHelper.swift */; };
		77BD3DD129226622000A1DB2 /* AuthManager.swift in Sources */ = {isa = PBXBuildFile; fileRef = 77BD3DD029226622000A1DB2 /* AuthManager.swift */; };
		77BD3DD529226825000A1DB2 /* NetworkClient.swift in Sources */ = {isa = PBXBuildFile; fileRef = 77BD3DD429226825000A1DB2 /* NetworkClient.swift */; };
		77BD3DD7292269E5000A1DB2 /* NetworkService.swift in Sources */ = {isa = PBXBuildFile; fileRef = 77BD3DD6292269E5000A1DB2 /* NetworkService.swift */; };
		77BD3DD929226C28000A1DB2 /* PathProvider.swift in Sources */ = {isa = PBXBuildFile; fileRef = 77BD3DD829226C28000A1DB2 /* PathProvider.swift */; };
		77BD3DDB29226DB0000A1DB2 /* NetworkAction.swift in Sources */ = {isa = PBXBuildFile; fileRef = 77BD3DDA29226DB0000A1DB2 /* NetworkAction.swift */; };
		77BD3DDD29226E70000A1DB2 /* Enviroment.swift in Sources */ = {isa = PBXBuildFile; fileRef = 77BD3DDC29226E70000A1DB2 /* Enviroment.swift */; };
		77BD3DDF2922711A000A1DB2 /* HeaderProvider.swift in Sources */ = {isa = PBXBuildFile; fileRef = 77BD3DDE2922711A000A1DB2 /* HeaderProvider.swift */; };
		77BD3DE12923B08A000A1DB2 /* NetworkParameter.swift in Sources */ = {isa = PBXBuildFile; fileRef = 77BD3DE02923B08A000A1DB2 /* NetworkParameter.swift */; };
		77BD3DE32923C312000A1DB2 /* ExampleWorker.swift in Sources */ = {isa = PBXBuildFile; fileRef = 77BD3DE22923C312000A1DB2 /* ExampleWorker.swift */; };
		77BD3DE52923C683000A1DB2 /* ExampleWorkerProtocol.swift in Sources */ = {isa = PBXBuildFile; fileRef = 77BD3DE42923C683000A1DB2 /* ExampleWorkerProtocol.swift */; };
		77BD3DE72923C6E1000A1DB2 /* BaseWorker.swift in Sources */ = {isa = PBXBuildFile; fileRef = 77BD3DE62923C6E1000A1DB2 /* BaseWorker.swift */; };
		77BD3DF12924F6ED000A1DB2 /* (null) in Frameworks */ = {isa = PBXBuildFile; };
		77D2F994291D0B8000CAF269 /* AppDelegate.swift in Sources */ = {isa = PBXBuildFile; fileRef = 77D2F993291D0B8000CAF269 /* AppDelegate.swift */; };
		77D2F996291D0B8000CAF269 /* SceneDelegate.swift in Sources */ = {isa = PBXBuildFile; fileRef = 77D2F995291D0B8000CAF269 /* SceneDelegate.swift */; };
		77D2F99D291D0B8000CAF269 /* Assets.xcassets in Resources */ = {isa = PBXBuildFile; fileRef = 77D2F99C291D0B8000CAF269 /* Assets.xcassets */; };
		77D2F9A0291D0B8000CAF269 /* LaunchScreen.storyboard in Resources */ = {isa = PBXBuildFile; fileRef = 77D2F99E291D0B8000CAF269 /* LaunchScreen.storyboard */; };
		77D2F9B5291D0B8100CAF269 /* VIPCleanPOCUITests.swift in Sources */ = {isa = PBXBuildFile; fileRef = 77D2F9B4291D0B8100CAF269 /* VIPCleanPOCUITests.swift */; };
		77D2F9B7291D0B8100CAF269 /* VIPCleanPOCUITestsLaunchTests.swift in Sources */ = {isa = PBXBuildFile; fileRef = 77D2F9B6291D0B8100CAF269 /* VIPCleanPOCUITestsLaunchTests.swift */; };
		77D2F9D7291D0BA100CAF269 /* ExampleCoordinatorProtocol.swift in Sources */ = {isa = PBXBuildFile; fileRef = 77D2F9C7291D0BA100CAF269 /* ExampleCoordinatorProtocol.swift */; };
		77D2F9D8291D0BA100CAF269 /* ExampleCoordinator.swift in Sources */ = {isa = PBXBuildFile; fileRef = 77D2F9C8291D0BA100CAF269 /* ExampleCoordinator.swift */; };
		77D2F9D9291D0BA100CAF269 /* ExamplePresenter.swift in Sources */ = {isa = PBXBuildFile; fileRef = 77D2F9CA291D0BA100CAF269 /* ExamplePresenter.swift */; };
		77D2F9DA291D0BA100CAF269 /* ExamplePresenterProtocol.swift in Sources */ = {isa = PBXBuildFile; fileRef = 77D2F9CB291D0BA100CAF269 /* ExamplePresenterProtocol.swift */; };
		77D2F9DB291D0BA100CAF269 /* ExampleControllerProtocol.swift in Sources */ = {isa = PBXBuildFile; fileRef = 77D2F9CD291D0BA100CAF269 /* ExampleControllerProtocol.swift */; };
		77D2F9DC291D0BA100CAF269 /* ExampleController.swift in Sources */ = {isa = PBXBuildFile; fileRef = 77D2F9CE291D0BA100CAF269 /* ExampleController.swift */; };
		77D2F9DD291D0BA100CAF269 /* ExampleView.swift in Sources */ = {isa = PBXBuildFile; fileRef = 77D2F9D0291D0BA100CAF269 /* ExampleView.swift */; };
		77D2F9DE291D0BA100CAF269 /* ExampleViewProtocol.swift in Sources */ = {isa = PBXBuildFile; fileRef = 77D2F9D1291D0BA100CAF269 /* ExampleViewProtocol.swift */; };
		77D2F9DF291D0BA100CAF269 /* ExampleInteractor.swift in Sources */ = {isa = PBXBuildFile; fileRef = 77D2F9D3291D0BA100CAF269 /* ExampleInteractor.swift */; };
		77D2F9E0291D0BA100CAF269 /* ExampleInteractorProtocol.swift in Sources */ = {isa = PBXBuildFile; fileRef = 77D2F9D4291D0BA100CAF269 /* ExampleInteractorProtocol.swift */; };
		77D2F9E1291D0BA100CAF269 /* ExampleResourses.swift in Sources */ = {isa = PBXBuildFile; fileRef = 77D2F9D6291D0BA100CAF269 /* ExampleResourses.swift */; };
		77D2F9E3291D0C1400CAF269 /* ExampleView.xib in Resources */ = {isa = PBXBuildFile; fileRef = 77D2F9E2291D0C1400CAF269 /* ExampleView.xib */; };
		77D2F9E5291D33A200CAF269 /* BaseCoordinatorProtocol.swift in Sources */ = {isa = PBXBuildFile; fileRef = 77D2F9E4291D33A200CAF269 /* BaseCoordinatorProtocol.swift */; };
		77D2F9E9291D58BB00CAF269 /* ExampleTests.swift in Sources */ = {isa = PBXBuildFile; fileRef = 77D2F9E8291D58BB00CAF269 /* ExampleTests.swift */; };
		77D2FA02291D739300CAF269 /* ExampleChildCoordinatorProtocol.swift in Sources */ = {isa = PBXBuildFile; fileRef = 77D2F9F2291D739300CAF269 /* ExampleChildCoordinatorProtocol.swift */; };
		77D2FA03291D739300CAF269 /* ExampleChildCoordinator.swift in Sources */ = {isa = PBXBuildFile; fileRef = 77D2F9F3291D739300CAF269 /* ExampleChildCoordinator.swift */; };
		77D2FA04291D739300CAF269 /* ExampleChildPresenter.swift in Sources */ = {isa = PBXBuildFile; fileRef = 77D2F9F5291D739300CAF269 /* ExampleChildPresenter.swift */; };
		77D2FA05291D739300CAF269 /* ExampleChildPresenterProtocol.swift in Sources */ = {isa = PBXBuildFile; fileRef = 77D2F9F6291D739300CAF269 /* ExampleChildPresenterProtocol.swift */; };
		77D2FA06291D739300CAF269 /* ExampleChildController.swift in Sources */ = {isa = PBXBuildFile; fileRef = 77D2F9F8291D739300CAF269 /* ExampleChildController.swift */; };
		77D2FA07291D739300CAF269 /* ExampleChildControllerProtocol.swift in Sources */ = {isa = PBXBuildFile; fileRef = 77D2F9F9291D739300CAF269 /* ExampleChildControllerProtocol.swift */; };
		77D2FA08291D739300CAF269 /* ExampleChildViewProtocol.swift in Sources */ = {isa = PBXBuildFile; fileRef = 77D2F9FB291D739300CAF269 /* ExampleChildViewProtocol.swift */; };
		77D2FA09291D739300CAF269 /* ExampleChildView.swift in Sources */ = {isa = PBXBuildFile; fileRef = 77D2F9FC291D739300CAF269 /* ExampleChildView.swift */; };
		77D2FA0A291D739300CAF269 /* ExampleChildInteractorProtocol.swift in Sources */ = {isa = PBXBuildFile; fileRef = 77D2F9FE291D739300CAF269 /* ExampleChildInteractorProtocol.swift */; };
		77D2FA0B291D739300CAF269 /* ExampleChildInteractor.swift in Sources */ = {isa = PBXBuildFile; fileRef = 77D2F9FF291D739300CAF269 /* ExampleChildInteractor.swift */; };
		77D2FA0C291D739300CAF269 /* ExampleChildResourses.swift in Sources */ = {isa = PBXBuildFile; fileRef = 77D2FA01291D739300CAF269 /* ExampleChildResourses.swift */; };
		77D2FA0E291D755400CAF269 /* ExampleChildView.xib in Resources */ = {isa = PBXBuildFile; fileRef = 77D2FA0D291D755400CAF269 /* ExampleChildView.xib */; };
		77D2FA10291D767A00CAF269 /* Array+Extension.swift in Sources */ = {isa = PBXBuildFile; fileRef = 77D2FA0F291D767A00CAF269 /* Array+Extension.swift */; };
/* End PBXBuildFile section */

/* Begin PBXContainerItemProxy section */
		77D2F9A7291D0B8100CAF269 /* PBXContainerItemProxy */ = {
			isa = PBXContainerItemProxy;
			containerPortal = 77D2F988291D0B8000CAF269 /* Project object */;
			proxyType = 1;
			remoteGlobalIDString = 77D2F98F291D0B8000CAF269;
			remoteInfo = VIPCleanPOC;
		};
		77D2F9B1291D0B8100CAF269 /* PBXContainerItemProxy */ = {
			isa = PBXContainerItemProxy;
			containerPortal = 77D2F988291D0B8000CAF269 /* Project object */;
			proxyType = 1;
			remoteGlobalIDString = 77D2F98F291D0B8000CAF269;
			remoteInfo = VIPCleanPOC;
		};
/* End PBXContainerItemProxy section */

/* Begin PBXFileReference section */
		77BD3D74291D79D9000A1DB2 /* VIPCleanPOCTests.swift */ = {isa = PBXFileReference; fileEncoding = 4; lastKnownFileType = sourcecode.swift; name = VIPCleanPOCTests.swift; path = VIPCleanPOCTests/VIPCleanPOCTests.swift; sourceTree = SOURCE_ROOT; };
		77BD3D78291D7ADA000A1DB2 /* TemplateIcon@2x.png */ = {isa = PBXFileReference; lastKnownFileType = image.png; path = "TemplateIcon@2x.png"; sourceTree = "<group>"; };
		77BD3D7B291D7ADA000A1DB2 /* ___FILEBASENAME___Coordinator.swift */ = {isa = PBXFileReference; fileEncoding = 4; lastKnownFileType = sourcecode.swift; path = "___FILEBASENAME___Coordinator.swift"; sourceTree = "<group>"; };
		77BD3D7C291D7ADA000A1DB2 /* ___FILEBASENAME___CoordinatorProtocol.swift */ = {isa = PBXFileReference; fileEncoding = 4; lastKnownFileType = sourcecode.swift; path = "___FILEBASENAME___CoordinatorProtocol.swift"; sourceTree = "<group>"; };
		77BD3D7E291D7ADA000A1DB2 /* ___FILEBASENAME___Presenter.swift */ = {isa = PBXFileReference; fileEncoding = 4; lastKnownFileType = sourcecode.swift; path = "___FILEBASENAME___Presenter.swift"; sourceTree = "<group>"; };
		77BD3D7F291D7ADA000A1DB2 /* ___FILEBASENAME___PresenterProtocol.swift */ = {isa = PBXFileReference; fileEncoding = 4; lastKnownFileType = sourcecode.swift; path = "___FILEBASENAME___PresenterProtocol.swift"; sourceTree = "<group>"; };
		77BD3D81291D7ADA000A1DB2 /* ___FILEBASENAME___Controller.swift */ = {isa = PBXFileReference; fileEncoding = 4; lastKnownFileType = sourcecode.swift; path = "___FILEBASENAME___Controller.swift"; sourceTree = "<group>"; };
		77BD3D82291D7ADA000A1DB2 /* ___FILEBASENAME___ControllerProtocol.swift */ = {isa = PBXFileReference; fileEncoding = 4; lastKnownFileType = sourcecode.swift; path = "___FILEBASENAME___ControllerProtocol.swift"; sourceTree = "<group>"; };
		77BD3D84291D7ADA000A1DB2 /* ___FILEBASENAME___ViewProtocol.swift */ = {isa = PBXFileReference; fileEncoding = 4; lastKnownFileType = sourcecode.swift; path = "___FILEBASENAME___ViewProtocol.swift"; sourceTree = "<group>"; };
		77BD3D85291D7ADA000A1DB2 /* ___FILEBASENAME___View.swift */ = {isa = PBXFileReference; fileEncoding = 4; lastKnownFileType = sourcecode.swift; path = "___FILEBASENAME___View.swift"; sourceTree = "<group>"; };
		77BD3D87291D7ADA000A1DB2 /* ___FILEBASENAME___InteractorProtocol.swift */ = {isa = PBXFileReference; fileEncoding = 4; lastKnownFileType = sourcecode.swift; path = "___FILEBASENAME___InteractorProtocol.swift"; sourceTree = "<group>"; };
		77BD3D88291D7ADA000A1DB2 /* ___FILEBASENAME___Interactor.swift */ = {isa = PBXFileReference; fileEncoding = 4; lastKnownFileType = sourcecode.swift; path = "___FILEBASENAME___Interactor.swift"; sourceTree = "<group>"; };
		77BD3D8A291D7ADA000A1DB2 /* ___FILEBASENAME___Resourses.swift */ = {isa = PBXFileReference; fileEncoding = 4; lastKnownFileType = sourcecode.swift; path = "___FILEBASENAME___Resourses.swift"; sourceTree = "<group>"; };
		77BD3D8B291D7ADA000A1DB2 /* TemplateIcon.png */ = {isa = PBXFileReference; lastKnownFileType = image.png; path = TemplateIcon.png; sourceTree = "<group>"; };
		77BD3D8C291D7ADA000A1DB2 /* TemplateInfo.plist */ = {isa = PBXFileReference; fileEncoding = 4; lastKnownFileType = text.plist.xml; path = TemplateInfo.plist; sourceTree = "<group>"; };
		77BD3DC229211C84000A1DB2 /* ExampleChildTests.swift */ = {isa = PBXFileReference; lastKnownFileType = sourcecode.swift; path = ExampleChildTests.swift; sourceTree = "<group>"; };
		77BD3DC62922603F000A1DB2 /* AppBuilderProvider.swift */ = {isa = PBXFileReference; lastKnownFileType = sourcecode.swift; path = AppBuilderProvider.swift; sourceTree = "<group>"; };
		77BD3DC829226071000A1DB2 /* AppBuilder.swift */ = {isa = PBXFileReference; lastKnownFileType = sourcecode.swift; path = AppBuilder.swift; sourceTree = "<group>"; };
		77BD3DCA292260FD000A1DB2 /* NetworkServiceProtocol.swift */ = {isa = PBXFileReference; lastKnownFileType = sourcecode.swift; path = NetworkServiceProtocol.swift; sourceTree = "<group>"; };
		77BD3DCC29226365000A1DB2 /* NetworkClientProtocol.swift */ = {isa = PBXFileReference; lastKnownFileType = sourcecode.swift; path = NetworkClientProtocol.swift; sourceTree = "<group>"; };
		77BD3DCE292264D0000A1DB2 /* NetworkHTTPHelper.swift */ = {isa = PBXFileReference; lastKnownFileType = sourcecode.swift; path = NetworkHTTPHelper.swift; sourceTree = "<group>"; };
		77BD3DD029226622000A1DB2 /* AuthManager.swift */ = {isa = PBXFileReference; lastKnownFileType = sourcecode.swift; path = AuthManager.swift; sourceTree = "<group>"; };
		77BD3DD429226825000A1DB2 /* NetworkClient.swift */ = {isa = PBXFileReference; lastKnownFileType = sourcecode.swift; path = NetworkClient.swift; sourceTree = "<group>"; };
		77BD3DD6292269E5000A1DB2 /* NetworkService.swift */ = {isa = PBXFileReference; lastKnownFileType = sourcecode.swift; path = NetworkService.swift; sourceTree = "<group>"; };
		77BD3DD829226C28000A1DB2 /* PathProvider.swift */ = {isa = PBXFileReference; lastKnownFileType = sourcecode.swift; path = PathProvider.swift; sourceTree = "<group>"; };
		77BD3DDA29226DB0000A1DB2 /* NetworkAction.swift */ = {isa = PBXFileReference; lastKnownFileType = sourcecode.swift; path = NetworkAction.swift; sourceTree = "<group>"; };
		77BD3DDC29226E70000A1DB2 /* Enviroment.swift */ = {isa = PBXFileReference; lastKnownFileType = sourcecode.swift; path = Enviroment.swift; sourceTree = "<group>"; };
		77BD3DDE2922711A000A1DB2 /* HeaderProvider.swift */ = {isa = PBXFileReference; lastKnownFileType = sourcecode.swift; path = HeaderProvider.swift; sourceTree = "<group>"; };
		77BD3DE02923B08A000A1DB2 /* NetworkParameter.swift */ = {isa = PBXFileReference; lastKnownFileType = sourcecode.swift; path = NetworkParameter.swift; sourceTree = "<group>"; };
		77BD3DE22923C312000A1DB2 /* ExampleWorker.swift */ = {isa = PBXFileReference; lastKnownFileType = sourcecode.swift; path = ExampleWorker.swift; sourceTree = "<group>"; };
		77BD3DE42923C683000A1DB2 /* ExampleWorkerProtocol.swift */ = {isa = PBXFileReference; lastKnownFileType = sourcecode.swift; path = ExampleWorkerProtocol.swift; sourceTree = "<group>"; };
		77BD3DE62923C6E1000A1DB2 /* BaseWorker.swift */ = {isa = PBXFileReference; lastKnownFileType = sourcecode.swift; path = BaseWorker.swift; sourceTree = "<group>"; };
		77D2F990291D0B8000CAF269 /* VIPCleanPOC.app */ = {isa = PBXFileReference; explicitFileType = wrapper.application; includeInIndex = 0; path = VIPCleanPOC.app; sourceTree = BUILT_PRODUCTS_DIR; };
		77D2F993291D0B8000CAF269 /* AppDelegate.swift */ = {isa = PBXFileReference; lastKnownFileType = sourcecode.swift; path = AppDelegate.swift; sourceTree = "<group>"; };
		77D2F995291D0B8000CAF269 /* SceneDelegate.swift */ = {isa = PBXFileReference; lastKnownFileType = sourcecode.swift; path = SceneDelegate.swift; sourceTree = "<group>"; };
		77D2F99C291D0B8000CAF269 /* Assets.xcassets */ = {isa = PBXFileReference; lastKnownFileType = folder.assetcatalog; path = Assets.xcassets; sourceTree = "<group>"; };
		77D2F99F291D0B8000CAF269 /* Base */ = {isa = PBXFileReference; lastKnownFileType = file.storyboard; name = Base; path = Base.lproj/LaunchScreen.storyboard; sourceTree = "<group>"; };
		77D2F9A1291D0B8000CAF269 /* Info.plist */ = {isa = PBXFileReference; lastKnownFileType = text.plist.xml; path = Info.plist; sourceTree = "<group>"; };
		77D2F9A6291D0B8100CAF269 /* VIPCleanPOCTests.xctest */ = {isa = PBXFileReference; explicitFileType = wrapper.cfbundle; includeInIndex = 0; path = VIPCleanPOCTests.xctest; sourceTree = BUILT_PRODUCTS_DIR; };
		77D2F9B0291D0B8100CAF269 /* VIPCleanPOCUITests.xctest */ = {isa = PBXFileReference; explicitFileType = wrapper.cfbundle; includeInIndex = 0; path = VIPCleanPOCUITests.xctest; sourceTree = BUILT_PRODUCTS_DIR; };
		77D2F9B4291D0B8100CAF269 /* VIPCleanPOCUITests.swift */ = {isa = PBXFileReference; lastKnownFileType = sourcecode.swift; path = VIPCleanPOCUITests.swift; sourceTree = "<group>"; };
		77D2F9B6291D0B8100CAF269 /* VIPCleanPOCUITestsLaunchTests.swift */ = {isa = PBXFileReference; lastKnownFileType = sourcecode.swift; path = VIPCleanPOCUITestsLaunchTests.swift; sourceTree = "<group>"; };
		77D2F9C7291D0BA100CAF269 /* ExampleCoordinatorProtocol.swift */ = {isa = PBXFileReference; fileEncoding = 4; lastKnownFileType = sourcecode.swift; path = ExampleCoordinatorProtocol.swift; sourceTree = "<group>"; };
		77D2F9C8291D0BA100CAF269 /* ExampleCoordinator.swift */ = {isa = PBXFileReference; fileEncoding = 4; lastKnownFileType = sourcecode.swift; path = ExampleCoordinator.swift; sourceTree = "<group>"; };
		77D2F9CA291D0BA100CAF269 /* ExamplePresenter.swift */ = {isa = PBXFileReference; fileEncoding = 4; lastKnownFileType = sourcecode.swift; path = ExamplePresenter.swift; sourceTree = "<group>"; };
		77D2F9CB291D0BA100CAF269 /* ExamplePresenterProtocol.swift */ = {isa = PBXFileReference; fileEncoding = 4; lastKnownFileType = sourcecode.swift; path = ExamplePresenterProtocol.swift; sourceTree = "<group>"; };
		77D2F9CD291D0BA100CAF269 /* ExampleControllerProtocol.swift */ = {isa = PBXFileReference; fileEncoding = 4; lastKnownFileType = sourcecode.swift; path = ExampleControllerProtocol.swift; sourceTree = "<group>"; };
		77D2F9CE291D0BA100CAF269 /* ExampleController.swift */ = {isa = PBXFileReference; fileEncoding = 4; lastKnownFileType = sourcecode.swift; path = ExampleController.swift; sourceTree = "<group>"; };
		77D2F9D0291D0BA100CAF269 /* ExampleView.swift */ = {isa = PBXFileReference; fileEncoding = 4; lastKnownFileType = sourcecode.swift; path = ExampleView.swift; sourceTree = "<group>"; };
		77D2F9D1291D0BA100CAF269 /* ExampleViewProtocol.swift */ = {isa = PBXFileReference; fileEncoding = 4; lastKnownFileType = sourcecode.swift; path = ExampleViewProtocol.swift; sourceTree = "<group>"; };
		77D2F9D3291D0BA100CAF269 /* ExampleInteractor.swift */ = {isa = PBXFileReference; fileEncoding = 4; lastKnownFileType = sourcecode.swift; path = ExampleInteractor.swift; sourceTree = "<group>"; };
		77D2F9D4291D0BA100CAF269 /* ExampleInteractorProtocol.swift */ = {isa = PBXFileReference; fileEncoding = 4; lastKnownFileType = sourcecode.swift; path = ExampleInteractorProtocol.swift; sourceTree = "<group>"; };
		77D2F9D6291D0BA100CAF269 /* ExampleResourses.swift */ = {isa = PBXFileReference; fileEncoding = 4; lastKnownFileType = sourcecode.swift; path = ExampleResourses.swift; sourceTree = "<group>"; };
		77D2F9E2291D0C1400CAF269 /* ExampleView.xib */ = {isa = PBXFileReference; lastKnownFileType = file.xib; path = ExampleView.xib; sourceTree = "<group>"; };
		77D2F9E4291D33A200CAF269 /* BaseCoordinatorProtocol.swift */ = {isa = PBXFileReference; lastKnownFileType = sourcecode.swift; path = BaseCoordinatorProtocol.swift; sourceTree = "<group>"; };
		77D2F9E8291D58BB00CAF269 /* ExampleTests.swift */ = {isa = PBXFileReference; lastKnownFileType = sourcecode.swift; path = ExampleTests.swift; sourceTree = "<group>"; };
		77D2F9F2291D739300CAF269 /* ExampleChildCoordinatorProtocol.swift */ = {isa = PBXFileReference; fileEncoding = 4; lastKnownFileType = sourcecode.swift; path = ExampleChildCoordinatorProtocol.swift; sourceTree = "<group>"; };
		77D2F9F3291D739300CAF269 /* ExampleChildCoordinator.swift */ = {isa = PBXFileReference; fileEncoding = 4; lastKnownFileType = sourcecode.swift; path = ExampleChildCoordinator.swift; sourceTree = "<group>"; };
		77D2F9F5291D739300CAF269 /* ExampleChildPresenter.swift */ = {isa = PBXFileReference; fileEncoding = 4; lastKnownFileType = sourcecode.swift; path = ExampleChildPresenter.swift; sourceTree = "<group>"; };
		77D2F9F6291D739300CAF269 /* ExampleChildPresenterProtocol.swift */ = {isa = PBXFileReference; fileEncoding = 4; lastKnownFileType = sourcecode.swift; path = ExampleChildPresenterProtocol.swift; sourceTree = "<group>"; };
		77D2F9F8291D739300CAF269 /* ExampleChildController.swift */ = {isa = PBXFileReference; fileEncoding = 4; lastKnownFileType = sourcecode.swift; path = ExampleChildController.swift; sourceTree = "<group>"; };
		77D2F9F9291D739300CAF269 /* ExampleChildControllerProtocol.swift */ = {isa = PBXFileReference; fileEncoding = 4; lastKnownFileType = sourcecode.swift; path = ExampleChildControllerProtocol.swift; sourceTree = "<group>"; };
		77D2F9FB291D739300CAF269 /* ExampleChildViewProtocol.swift */ = {isa = PBXFileReference; fileEncoding = 4; lastKnownFileType = sourcecode.swift; path = ExampleChildViewProtocol.swift; sourceTree = "<group>"; };
		77D2F9FC291D739300CAF269 /* ExampleChildView.swift */ = {isa = PBXFileReference; fileEncoding = 4; lastKnownFileType = sourcecode.swift; path = ExampleChildView.swift; sourceTree = "<group>"; };
		77D2F9FE291D739300CAF269 /* ExampleChildInteractorProtocol.swift */ = {isa = PBXFileReference; fileEncoding = 4; lastKnownFileType = sourcecode.swift; path = ExampleChildInteractorProtocol.swift; sourceTree = "<group>"; };
		77D2F9FF291D739300CAF269 /* ExampleChildInteractor.swift */ = {isa = PBXFileReference; fileEncoding = 4; lastKnownFileType = sourcecode.swift; path = ExampleChildInteractor.swift; sourceTree = "<group>"; };
		77D2FA01291D739300CAF269 /* ExampleChildResourses.swift */ = {isa = PBXFileReference; fileEncoding = 4; lastKnownFileType = sourcecode.swift; path = ExampleChildResourses.swift; sourceTree = "<group>"; };
		77D2FA0D291D755400CAF269 /* ExampleChildView.xib */ = {isa = PBXFileReference; lastKnownFileType = file.xib; path = ExampleChildView.xib; sourceTree = "<group>"; };
		77D2FA0F291D767A00CAF269 /* Array+Extension.swift */ = {isa = PBXFileReference; lastKnownFileType = sourcecode.swift; path = "Array+Extension.swift"; sourceTree = "<group>"; };
/* End PBXFileReference section */

/* Begin PBXFrameworksBuildPhase section */
		77D2F98D291D0B8000CAF269 /* Frameworks */ = {
			isa = PBXFrameworksBuildPhase;
			buildActionMask = 2147483647;
			files = (
				77BD3DF12924F6ED000A1DB2 /* (null) in Frameworks */,
			);
			runOnlyForDeploymentPostprocessing = 0;
		};
		77D2F9A3291D0B8100CAF269 /* Frameworks */ = {
			isa = PBXFrameworksBuildPhase;
			buildActionMask = 2147483647;
			files = (
			);
			runOnlyForDeploymentPostprocessing = 0;
		};
		77D2F9AD291D0B8100CAF269 /* Frameworks */ = {
			isa = PBXFrameworksBuildPhase;
			buildActionMask = 2147483647;
			files = (
			);
			runOnlyForDeploymentPostprocessing = 0;
		};
/* End PBXFrameworksBuildPhase section */

/* Begin PBXGroup section */
		77BD3D76291D7ADA000A1DB2 /* VIP clean  */ = {
			isa = PBXGroup;
			children = (
				77BD3D77291D7ADA000A1DB2 /* VIP.xctemplate */,
			);
			path = "VIP clean ";
			sourceTree = "<group>";
		};
		77BD3D77291D7ADA000A1DB2 /* VIP.xctemplate */ = {
			isa = PBXGroup;
			children = (
				77BD3D78291D7ADA000A1DB2 /* TemplateIcon@2x.png */,
				77BD3D79291D7ADA000A1DB2 /* ___FILEBASENAME___ */,
				77BD3D8B291D7ADA000A1DB2 /* TemplateIcon.png */,
				77BD3D8C291D7ADA000A1DB2 /* TemplateInfo.plist */,
			);
			path = VIP.xctemplate;
			sourceTree = "<group>";
		};
		77BD3D79291D7ADA000A1DB2 /* ___FILEBASENAME___ */ = {
			isa = PBXGroup;
			children = (
				77BD3D7A291D7ADA000A1DB2 /* Coordinator */,
				77BD3D7D291D7ADA000A1DB2 /* Presenter */,
				77BD3D80291D7ADA000A1DB2 /* Controller */,
				77BD3D83291D7ADA000A1DB2 /* View */,
				77BD3D86291D7ADA000A1DB2 /* Interactor */,
				77BD3D89291D7ADA000A1DB2 /* Resourses */,
			);
			path = "___FILEBASENAME___";
			sourceTree = "<group>";
		};
		77BD3D7A291D7ADA000A1DB2 /* Coordinator */ = {
			isa = PBXGroup;
			children = (
				77BD3D7B291D7ADA000A1DB2 /* ___FILEBASENAME___Coordinator.swift */,
				77BD3D7C291D7ADA000A1DB2 /* ___FILEBASENAME___CoordinatorProtocol.swift */,
			);
			path = Coordinator;
			sourceTree = "<group>";
		};
		77BD3D7D291D7ADA000A1DB2 /* Presenter */ = {
			isa = PBXGroup;
			children = (
				77BD3D7E291D7ADA000A1DB2 /* ___FILEBASENAME___Presenter.swift */,
				77BD3D7F291D7ADA000A1DB2 /* ___FILEBASENAME___PresenterProtocol.swift */,
			);
			path = Presenter;
			sourceTree = "<group>";
		};
		77BD3D80291D7ADA000A1DB2 /* Controller */ = {
			isa = PBXGroup;
			children = (
				77BD3D81291D7ADA000A1DB2 /* ___FILEBASENAME___Controller.swift */,
				77BD3D82291D7ADA000A1DB2 /* ___FILEBASENAME___ControllerProtocol.swift */,
			);
			path = Controller;
			sourceTree = "<group>";
		};
		77BD3D83291D7ADA000A1DB2 /* View */ = {
			isa = PBXGroup;
			children = (
				77BD3D84291D7ADA000A1DB2 /* ___FILEBASENAME___ViewProtocol.swift */,
				77BD3D85291D7ADA000A1DB2 /* ___FILEBASENAME___View.swift */,
			);
			path = View;
			sourceTree = "<group>";
		};
		77BD3D86291D7ADA000A1DB2 /* Interactor */ = {
			isa = PBXGroup;
			children = (
				77BD3D87291D7ADA000A1DB2 /* ___FILEBASENAME___InteractorProtocol.swift */,
				77BD3D88291D7ADA000A1DB2 /* ___FILEBASENAME___Interactor.swift */,
			);
			path = Interactor;
			sourceTree = "<group>";
		};
		77BD3D89291D7ADA000A1DB2 /* Resourses */ = {
			isa = PBXGroup;
			children = (
				77BD3D8A291D7ADA000A1DB2 /* ___FILEBASENAME___Resourses.swift */,
			);
			path = Resourses;
			sourceTree = "<group>";
		};
		77BD3DE82923CB10000A1DB2 /* Workers */ = {
			isa = PBXGroup;
			children = (
				77BD3DE92923CB25000A1DB2 /* ExampleWorker */,
				77BD3DE62923C6E1000A1DB2 /* BaseWorker.swift */,
				77BD3DD029226622000A1DB2 /* AuthManager.swift */,
			);
			path = Workers;
			sourceTree = "<group>";
		};
		77BD3DE92923CB25000A1DB2 /* ExampleWorker */ = {
			isa = PBXGroup;
			children = (
				77BD3DE42923C683000A1DB2 /* ExampleWorkerProtocol.swift */,
				77BD3DE22923C312000A1DB2 /* ExampleWorker.swift */,
			);
			path = ExampleWorker;
			sourceTree = "<group>";
		};
		77BD3DEB2923CB5E000A1DB2 /* NetworkHandling */ = {
			isa = PBXGroup;
			children = (
				77BD3DEE2924F2D6000A1DB2 /* Network Client */,
				77BD3DED2924F2B6000A1DB2 /* Providers */,
				77BD3DEC2924F2A8000A1DB2 /* Network Service */,
				77BD3DCE292264D0000A1DB2 /* NetworkHTTPHelper.swift */,
			);
			path = NetworkHandling;
			sourceTree = "<group>";
		};
		77BD3DEC2924F2A8000A1DB2 /* Network Service */ = {
			isa = PBXGroup;
			children = (
				77BD3DDC29226E70000A1DB2 /* Enviroment.swift */,
				77BD3DCA292260FD000A1DB2 /* NetworkServiceProtocol.swift */,
				77BD3DD6292269E5000A1DB2 /* NetworkService.swift */,
			);
			path = "Network Service";
			sourceTree = "<group>";
		};
		77BD3DED2924F2B6000A1DB2 /* Providers */ = {
			isa = PBXGroup;
			children = (
				77BD3DDA29226DB0000A1DB2 /* NetworkAction.swift */,
				77BD3DE02923B08A000A1DB2 /* NetworkParameter.swift */,
				77BD3DD829226C28000A1DB2 /* PathProvider.swift */,
				77BD3DDE2922711A000A1DB2 /* HeaderProvider.swift */,
			);
			path = Providers;
			sourceTree = "<group>";
		};
		77BD3DEE2924F2D6000A1DB2 /* Network Client */ = {
			isa = PBXGroup;
			children = (
				77BD3DCC29226365000A1DB2 /* NetworkClientProtocol.swift */,
				77BD3DD429226825000A1DB2 /* NetworkClient.swift */,
			);
			path = "Network Client";
			sourceTree = "<group>";
		};
		77BD3DF22924F9E0000A1DB2 /* BaseClasses */ = {
			isa = PBXGroup;
			children = (
				77D2F9E4291D33A200CAF269 /* BaseCoordinatorProtocol.swift */,
			);
			path = BaseClasses;
			sourceTree = "<group>";
		};
		77BD3DF32924F9EB000A1DB2 /* Extensions */ = {
			isa = PBXGroup;
			children = (
				77D2FA0F291D767A00CAF269 /* Array+Extension.swift */,
			);
			path = Extensions;
			sourceTree = "<group>";
		};
		77D2F987291D0B8000CAF269 = {
			isa = PBXGroup;
			children = (
				77D2F992291D0B8000CAF269 /* VIPCleanPOC */,
				77D2F9A9291D0B8100CAF269 /* VIPCleanPOCTests */,
				77D2F9B3291D0B8100CAF269 /* VIPCleanPOCUITests */,
				77D2F991291D0B8000CAF269 /* Products */,
			);
			sourceTree = "<group>";
		};
		77D2F991291D0B8000CAF269 /* Products */ = {
			isa = PBXGroup;
			children = (
				77D2F990291D0B8000CAF269 /* VIPCleanPOC.app */,
				77D2F9A6291D0B8100CAF269 /* VIPCleanPOCTests.xctest */,
				77D2F9B0291D0B8100CAF269 /* VIPCleanPOCUITests.xctest */,
			);
			name = Products;
			sourceTree = "<group>";
		};
		77D2F992291D0B8000CAF269 /* VIPCleanPOC */ = {
			isa = PBXGroup;
			children = (
				77D2FA11291D77D600CAF269 /* VIPFileTemplate  */,
				77D2F9EB291D72E300CAF269 /* App */,
				77BD3DF32924F9EB000A1DB2 /* Extensions */,
				77BD3DF22924F9E0000A1DB2 /* BaseClasses */,
				77D2F9EA291D72C900CAF269 /* Scenes */,
				77BD3DE82923CB10000A1DB2 /* Workers */,
				77BD3DEB2923CB5E000A1DB2 /* NetworkHandling */,
				77D2F9EC291D72FD00CAF269 /* Resources */,
				77D2F99E291D0B8000CAF269 /* LaunchScreen.storyboard */,
				77D2F9A1291D0B8000CAF269 /* Info.plist */,
			);
			path = VIPCleanPOC;
			sourceTree = "<group>";
		};
		77D2F9A9291D0B8100CAF269 /* VIPCleanPOCTests */ = {
			isa = PBXGroup;
			children = (
				77D2F9ED291D732000CAF269 /* ScenesUnitTests */,
			);
			path = VIPCleanPOCTests;
			sourceTree = "<group>";
		};
		77D2F9B3291D0B8100CAF269 /* VIPCleanPOCUITests */ = {
			isa = PBXGroup;
			children = (
				77D2F9B4291D0B8100CAF269 /* VIPCleanPOCUITests.swift */,
				77D2F9B6291D0B8100CAF269 /* VIPCleanPOCUITestsLaunchTests.swift */,
			);
			path = VIPCleanPOCUITests;
			sourceTree = "<group>";
		};
		77D2F9C5291D0BA100CAF269 /* Example */ = {
			isa = PBXGroup;
			children = (
				77D2F9C6291D0BA100CAF269 /* Coordinator */,
				77D2F9C9291D0BA100CAF269 /* Presenter */,
				77D2F9CC291D0BA100CAF269 /* Controller */,
				77D2F9CF291D0BA100CAF269 /* View */,
				77D2F9D2291D0BA100CAF269 /* Interactor */,
				77D2F9D5291D0BA100CAF269 /* Resourses */,
			);
			path = Example;
			sourceTree = "<group>";
		};
		77D2F9C6291D0BA100CAF269 /* Coordinator */ = {
			isa = PBXGroup;
			children = (
				77D2F9C7291D0BA100CAF269 /* ExampleCoordinatorProtocol.swift */,
				77D2F9C8291D0BA100CAF269 /* ExampleCoordinator.swift */,
			);
			path = Coordinator;
			sourceTree = "<group>";
		};
		77D2F9C9291D0BA100CAF269 /* Presenter */ = {
			isa = PBXGroup;
			children = (
				77D2F9CA291D0BA100CAF269 /* ExamplePresenter.swift */,
				77D2F9CB291D0BA100CAF269 /* ExamplePresenterProtocol.swift */,
			);
			path = Presenter;
			sourceTree = "<group>";
		};
		77D2F9CC291D0BA100CAF269 /* Controller */ = {
			isa = PBXGroup;
			children = (
				77D2F9CD291D0BA100CAF269 /* ExampleControllerProtocol.swift */,
				77D2F9CE291D0BA100CAF269 /* ExampleController.swift */,
			);
			path = Controller;
			sourceTree = "<group>";
		};
		77D2F9CF291D0BA100CAF269 /* View */ = {
			isa = PBXGroup;
			children = (
				77D2F9D0291D0BA100CAF269 /* ExampleView.swift */,
				77D2F9D1291D0BA100CAF269 /* ExampleViewProtocol.swift */,
				77D2F9E2291D0C1400CAF269 /* ExampleView.xib */,
			);
			path = View;
			sourceTree = "<group>";
		};
		77D2F9D2291D0BA100CAF269 /* Interactor */ = {
			isa = PBXGroup;
			children = (
				77D2F9D3291D0BA100CAF269 /* ExampleInteractor.swift */,
				77D2F9D4291D0BA100CAF269 /* ExampleInteractorProtocol.swift */,
			);
			path = Interactor;
			sourceTree = "<group>";
		};
		77D2F9D5291D0BA100CAF269 /* Resourses */ = {
			isa = PBXGroup;
			children = (
				77D2F9D6291D0BA100CAF269 /* ExampleResourses.swift */,
			);
			path = Resourses;
			sourceTree = "<group>";
		};
		77D2F9EA291D72C900CAF269 /* Scenes */ = {
			isa = PBXGroup;
			children = (
				77D2F9C5291D0BA100CAF269 /* Example */,
				77D2F9F0291D739300CAF269 /* ExampleChild */,
			);
			path = Scenes;
			sourceTree = "<group>";
		};
		77D2F9EB291D72E300CAF269 /* App */ = {
			isa = PBXGroup;
			children = (
				77BD3DC829226071000A1DB2 /* AppBuilder.swift */,
				77BD3DC62922603F000A1DB2 /* AppBuilderProvider.swift */,
				77D2F995291D0B8000CAF269 /* SceneDelegate.swift */,
				77D2F993291D0B8000CAF269 /* AppDelegate.swift */,
			);
			path = App;
			sourceTree = "<group>";
		};
		77D2F9EC291D72FD00CAF269 /* Resources */ = {
			isa = PBXGroup;
			children = (
				77D2F99C291D0B8000CAF269 /* Assets.xcassets */,
			);
			path = Resources;
			sourceTree = "<group>";
		};
		77D2F9ED291D732000CAF269 /* ScenesUnitTests */ = {
			isa = PBXGroup;
			children = (
				77BD3D74291D79D9000A1DB2 /* VIPCleanPOCTests.swift */,
				77D2F9E8291D58BB00CAF269 /* ExampleTests.swift */,
				77BD3DC229211C84000A1DB2 /* ExampleChildTests.swift */,
			);
			path = ScenesUnitTests;
			sourceTree = "<group>";
		};
		77D2F9F0291D739300CAF269 /* ExampleChild */ = {
			isa = PBXGroup;
			children = (
				77D2F9F1291D739300CAF269 /* Coordinator */,
				77D2F9F4291D739300CAF269 /* Presenter */,
				77D2F9F7291D739300CAF269 /* Controller */,
				77D2F9FA291D739300CAF269 /* View */,
				77D2F9FD291D739300CAF269 /* Interactor */,
				77D2FA00291D739300CAF269 /* Resourses */,
			);
			path = ExampleChild;
			sourceTree = "<group>";
		};
		77D2F9F1291D739300CAF269 /* Coordinator */ = {
			isa = PBXGroup;
			children = (
				77D2F9F2291D739300CAF269 /* ExampleChildCoordinatorProtocol.swift */,
				77D2F9F3291D739300CAF269 /* ExampleChildCoordinator.swift */,
			);
			path = Coordinator;
			sourceTree = "<group>";
		};
		77D2F9F4291D739300CAF269 /* Presenter */ = {
			isa = PBXGroup;
			children = (
				77D2F9F5291D739300CAF269 /* ExampleChildPresenter.swift */,
				77D2F9F6291D739300CAF269 /* ExampleChildPresenterProtocol.swift */,
			);
			path = Presenter;
			sourceTree = "<group>";
		};
		77D2F9F7291D739300CAF269 /* Controller */ = {
			isa = PBXGroup;
			children = (
				77D2F9F8291D739300CAF269 /* ExampleChildController.swift */,
				77D2F9F9291D739300CAF269 /* ExampleChildControllerProtocol.swift */,
			);
			path = Controller;
			sourceTree = "<group>";
		};
		77D2F9FA291D739300CAF269 /* View */ = {
			isa = PBXGroup;
			children = (
				77D2F9FB291D739300CAF269 /* ExampleChildViewProtocol.swift */,
				77D2F9FC291D739300CAF269 /* ExampleChildView.swift */,
				77D2FA0D291D755400CAF269 /* ExampleChildView.xib */,
			);
			path = View;
			sourceTree = "<group>";
		};
		77D2F9FD291D739300CAF269 /* Interactor */ = {
			isa = PBXGroup;
			children = (
				77D2F9FE291D739300CAF269 /* ExampleChildInteractorProtocol.swift */,
				77D2F9FF291D739300CAF269 /* ExampleChildInteractor.swift */,
			);
			path = Interactor;
			sourceTree = "<group>";
		};
		77D2FA00291D739300CAF269 /* Resourses */ = {
			isa = PBXGroup;
			children = (
				77D2FA01291D739300CAF269 /* ExampleChildResourses.swift */,
			);
			path = Resourses;
			sourceTree = "<group>";
		};
		77D2FA11291D77D600CAF269 /* VIPFileTemplate  */ = {
			isa = PBXGroup;
			children = (
				77BD3D76291D7ADA000A1DB2 /* VIP clean  */,
			);
			path = "VIPFileTemplate ";
			sourceTree = "<group>";
		};
/* End PBXGroup section */

/* Begin PBXNativeTarget section */
		77D2F98F291D0B8000CAF269 /* VIPCleanPOC */ = {
			isa = PBXNativeTarget;
			buildConfigurationList = 77D2F9BA291D0B8100CAF269 /* Build configuration list for PBXNativeTarget "VIPCleanPOC" */;
			buildPhases = (
				77D2F98C291D0B8000CAF269 /* Sources */,
				77D2F98D291D0B8000CAF269 /* Frameworks */,
				77D2F98E291D0B8000CAF269 /* Resources */,
			);
			buildRules = (
			);
			dependencies = (
			);
			name = VIPCleanPOC;
			productName = VIPCleanPOC;
			productReference = 77D2F990291D0B8000CAF269 /* VIPCleanPOC.app */;
			productType = "com.apple.product-type.application";
		};
		77D2F9A5291D0B8100CAF269 /* VIPCleanPOCTests */ = {
			isa = PBXNativeTarget;
			buildConfigurationList = 77D2F9BD291D0B8100CAF269 /* Build configuration list for PBXNativeTarget "VIPCleanPOCTests" */;
			buildPhases = (
				77D2F9A2291D0B8100CAF269 /* Sources */,
				77D2F9A3291D0B8100CAF269 /* Frameworks */,
				77D2F9A4291D0B8100CAF269 /* Resources */,
			);
			buildRules = (
			);
			dependencies = (
				77D2F9A8291D0B8100CAF269 /* PBXTargetDependency */,
			);
			name = VIPCleanPOCTests;
			productName = VIPCleanPOCTests;
			productReference = 77D2F9A6291D0B8100CAF269 /* VIPCleanPOCTests.xctest */;
			productType = "com.apple.product-type.bundle.unit-test";
		};
		77D2F9AF291D0B8100CAF269 /* VIPCleanPOCUITests */ = {
			isa = PBXNativeTarget;
			buildConfigurationList = 77D2F9C0291D0B8100CAF269 /* Build configuration list for PBXNativeTarget "VIPCleanPOCUITests" */;
			buildPhases = (
				77D2F9AC291D0B8100CAF269 /* Sources */,
				77D2F9AD291D0B8100CAF269 /* Frameworks */,
				77D2F9AE291D0B8100CAF269 /* Resources */,
			);
			buildRules = (
			);
			dependencies = (
				77D2F9B2291D0B8100CAF269 /* PBXTargetDependency */,
			);
			name = VIPCleanPOCUITests;
			productName = VIPCleanPOCUITests;
			productReference = 77D2F9B0291D0B8100CAF269 /* VIPCleanPOCUITests.xctest */;
			productType = "com.apple.product-type.bundle.ui-testing";
		};
/* End PBXNativeTarget section */

/* Begin PBXProject section */
		77D2F988291D0B8000CAF269 /* Project object */ = {
			isa = PBXProject;
			attributes = {
				BuildIndependentTargetsInParallel = 1;
				LastSwiftUpdateCheck = 1410;
				LastUpgradeCheck = 1410;
				TargetAttributes = {
					77D2F98F291D0B8000CAF269 = {
						CreatedOnToolsVersion = 14.1;
					};
					77D2F9A5291D0B8100CAF269 = {
						CreatedOnToolsVersion = 14.1;
						TestTargetID = 77D2F98F291D0B8000CAF269;
					};
					77D2F9AF291D0B8100CAF269 = {
						CreatedOnToolsVersion = 14.1;
						TestTargetID = 77D2F98F291D0B8000CAF269;
					};
				};
			};
			buildConfigurationList = 77D2F98B291D0B8000CAF269 /* Build configuration list for PBXProject "VIPCleanPOC" */;
			compatibilityVersion = "Xcode 13.0";
			developmentRegion = en;
			hasScannedForEncodings = 0;
			knownRegions = (
				en,
				Base,
			);
			mainGroup = 77D2F987291D0B8000CAF269;
			productRefGroup = 77D2F991291D0B8000CAF269 /* Products */;
			projectDirPath = "";
			projectRoot = "";
			targets = (
				77D2F98F291D0B8000CAF269 /* VIPCleanPOC */,
				77D2F9A5291D0B8100CAF269 /* VIPCleanPOCTests */,
				77D2F9AF291D0B8100CAF269 /* VIPCleanPOCUITests */,
			);
		};
/* End PBXProject section */

/* Begin PBXResourcesBuildPhase section */
		77D2F98E291D0B8000CAF269 /* Resources */ = {
			isa = PBXResourcesBuildPhase;
			buildActionMask = 2147483647;
			files = (
				77BD3D99291D7ADA000A1DB2 /* TemplateIcon.png in Resources */,
				77D2FA0E291D755400CAF269 /* ExampleChildView.xib in Resources */,
				77D2F9A0291D0B8000CAF269 /* LaunchScreen.storyboard in Resources */,
				77BD3D8D291D7ADA000A1DB2 /* TemplateIcon@2x.png in Resources */,
				77D2F99D291D0B8000CAF269 /* Assets.xcassets in Resources */,
				77BD3D9A291D7ADA000A1DB2 /* TemplateInfo.plist in Resources */,
				77D2F9E3291D0C1400CAF269 /* ExampleView.xib in Resources */,
			);
			runOnlyForDeploymentPostprocessing = 0;
		};
		77D2F9A4291D0B8100CAF269 /* Resources */ = {
			isa = PBXResourcesBuildPhase;
			buildActionMask = 2147483647;
			files = (
			);
			runOnlyForDeploymentPostprocessing = 0;
		};
		77D2F9AE291D0B8100CAF269 /* Resources */ = {
			isa = PBXResourcesBuildPhase;
			buildActionMask = 2147483647;
			files = (
			);
			runOnlyForDeploymentPostprocessing = 0;
		};
/* End PBXResourcesBuildPhase section */

/* Begin PBXSourcesBuildPhase section */
		77D2F98C291D0B8000CAF269 /* Sources */ = {
			isa = PBXSourcesBuildPhase;
			buildActionMask = 2147483647;
			files = (
				77D2FA06291D739300CAF269 /* ExampleChildController.swift in Sources */,
				77D2FA07291D739300CAF269 /* ExampleChildControllerProtocol.swift in Sources */,
				77BD3DDD29226E70000A1DB2 /* Enviroment.swift in Sources */,
				77D2F9E1291D0BA100CAF269 /* ExampleResourses.swift in Sources */,
				77BD3DD529226825000A1DB2 /* NetworkClient.swift in Sources */,
				77D2F9D8291D0BA100CAF269 /* ExampleCoordinator.swift in Sources */,
				77BD3DCB292260FD000A1DB2 /* NetworkServiceProtocol.swift in Sources */,
				77D2FA09291D739300CAF269 /* ExampleChildView.swift in Sources */,
				77D2F9DF291D0BA100CAF269 /* ExampleInteractor.swift in Sources */,
				77D2F9D9291D0BA100CAF269 /* ExamplePresenter.swift in Sources */,
				77D2F9DE291D0BA100CAF269 /* ExampleViewProtocol.swift in Sources */,
				77D2F9E0291D0BA100CAF269 /* ExampleInteractorProtocol.swift in Sources */,
				77BD3DCD29226365000A1DB2 /* NetworkClientProtocol.swift in Sources */,
				77D2FA08291D739300CAF269 /* ExampleChildViewProtocol.swift in Sources */,
				77BD3D96291D7ADA000A1DB2 /* ___FILEBASENAME___InteractorProtocol.swift in Sources */,
				77D2FA0B291D739300CAF269 /* ExampleChildInteractor.swift in Sources */,
				77D2FA10291D767A00CAF269 /* Array+Extension.swift in Sources */,
				77D2F994291D0B8000CAF269 /* AppDelegate.swift in Sources */,
				77D2F9E5291D33A200CAF269 /* BaseCoordinatorProtocol.swift in Sources */,
				77BD3DCF292264D0000A1DB2 /* NetworkHTTPHelper.swift in Sources */,
				77BD3DDF2922711A000A1DB2 /* HeaderProvider.swift in Sources */,
				77BD3D90291D7ADA000A1DB2 /* ___FILEBASENAME___Presenter.swift in Sources */,
				77D2F9DB291D0BA100CAF269 /* ExampleControllerProtocol.swift in Sources */,
				77BD3DE72923C6E1000A1DB2 /* BaseWorker.swift in Sources */,
				77D2F9DA291D0BA100CAF269 /* ExamplePresenterProtocol.swift in Sources */,
				77BD3DD129226622000A1DB2 /* AuthManager.swift in Sources */,
				77BD3DE12923B08A000A1DB2 /* NetworkParameter.swift in Sources */,
				77BD3D93291D7ADA000A1DB2 /* ___FILEBASENAME___ControllerProtocol.swift in Sources */,
				77BD3D92291D7ADA000A1DB2 /* ___FILEBASENAME___Controller.swift in Sources */,
				77BD3D98291D7ADA000A1DB2 /* ___FILEBASENAME___Resourses.swift in Sources */,
				77D2FA05291D739300CAF269 /* ExampleChildPresenterProtocol.swift in Sources */,
				77D2FA0C291D739300CAF269 /* ExampleChildResourses.swift in Sources */,
				77D2F9D7291D0BA100CAF269 /* ExampleCoordinatorProtocol.swift in Sources */,
				77BD3D91291D7ADA000A1DB2 /* ___FILEBASENAME___PresenterProtocol.swift in Sources */,
				77D2F9DC291D0BA100CAF269 /* ExampleController.swift in Sources */,
				77BD3D95291D7ADA000A1DB2 /* ___FILEBASENAME___View.swift in Sources */,
				77BD3DE32923C312000A1DB2 /* ExampleWorker.swift in Sources */,
				77BD3D97291D7ADA000A1DB2 /* ___FILEBASENAME___Interactor.swift in Sources */,
				77BD3DC72922603F000A1DB2 /* AppBuilderProvider.swift in Sources */,
				77BD3DE52923C683000A1DB2 /* ExampleWorkerProtocol.swift in Sources */,
				77BD3D8E291D7ADA000A1DB2 /* ___FILEBASENAME___Coordinator.swift in Sources */,
				77D2FA03291D739300CAF269 /* ExampleChildCoordinator.swift in Sources */,
				77BD3D8F291D7ADA000A1DB2 /* ___FILEBASENAME___CoordinatorProtocol.swift in Sources */,
				77BD3D94291D7ADA000A1DB2 /* ___FILEBASENAME___ViewProtocol.swift in Sources */,
				77BD3DC929226071000A1DB2 /* AppBuilder.swift in Sources */,
				77D2F996291D0B8000CAF269 /* SceneDelegate.swift in Sources */,
				77BD3DD7292269E5000A1DB2 /* NetworkService.swift in Sources */,
				77BD3DD929226C28000A1DB2 /* PathProvider.swift in Sources */,
				77BD3DDB29226DB0000A1DB2 /* NetworkAction.swift in Sources */,
				77D2FA04291D739300CAF269 /* ExampleChildPresenter.swift in Sources */,
				77D2F9DD291D0BA100CAF269 /* ExampleView.swift in Sources */,
				77D2FA02291D739300CAF269 /* ExampleChildCoordinatorProtocol.swift in Sources */,
				77D2FA0A291D739300CAF269 /* ExampleChildInteractorProtocol.swift in Sources */,
			);
			runOnlyForDeploymentPostprocessing = 0;
		};
		77D2F9A2291D0B8100CAF269 /* Sources */ = {
			isa = PBXSourcesBuildPhase;
			buildActionMask = 2147483647;
			files = (
				77BD3DC329211C84000A1DB2 /* ExampleChildTests.swift in Sources */,
				77BD3D75291D79D9000A1DB2 /* VIPCleanPOCTests.swift in Sources */,
				77D2F9E9291D58BB00CAF269 /* ExampleTests.swift in Sources */,
			);
			runOnlyForDeploymentPostprocessing = 0;
		};
		77D2F9AC291D0B8100CAF269 /* Sources */ = {
			isa = PBXSourcesBuildPhase;
			buildActionMask = 2147483647;
			files = (
				77D2F9B5291D0B8100CAF269 /* VIPCleanPOCUITests.swift in Sources */,
				77D2F9B7291D0B8100CAF269 /* VIPCleanPOCUITestsLaunchTests.swift in Sources */,
			);
			runOnlyForDeploymentPostprocessing = 0;
		};
/* End PBXSourcesBuildPhase section */

/* Begin PBXTargetDependency section */
		77D2F9A8291D0B8100CAF269 /* PBXTargetDependency */ = {
			isa = PBXTargetDependency;
			target = 77D2F98F291D0B8000CAF269 /* VIPCleanPOC */;
			targetProxy = 77D2F9A7291D0B8100CAF269 /* PBXContainerItemProxy */;
		};
		77D2F9B2291D0B8100CAF269 /* PBXTargetDependency */ = {
			isa = PBXTargetDependency;
			target = 77D2F98F291D0B8000CAF269 /* VIPCleanPOC */;
			targetProxy = 77D2F9B1291D0B8100CAF269 /* PBXContainerItemProxy */;
		};
/* End PBXTargetDependency section */

/* Begin PBXVariantGroup section */
		77D2F99E291D0B8000CAF269 /* LaunchScreen.storyboard */ = {
			isa = PBXVariantGroup;
			children = (
				77D2F99F291D0B8000CAF269 /* Base */,
			);
			name = LaunchScreen.storyboard;
			sourceTree = "<group>";
		};
/* End PBXVariantGroup section */

/* Begin XCBuildConfiguration section */
		77D2F9B8291D0B8100CAF269 /* Debug */ = {
			isa = XCBuildConfiguration;
			buildSettings = {
				ALWAYS_SEARCH_USER_PATHS = NO;
				CLANG_ANALYZER_NONNULL = YES;
				CLANG_ANALYZER_NUMBER_OBJECT_CONVERSION = YES_AGGRESSIVE;
				CLANG_CXX_LANGUAGE_STANDARD = "gnu++20";
				CLANG_ENABLE_MODULES = YES;
				CLANG_ENABLE_OBJC_ARC = YES;
				CLANG_ENABLE_OBJC_WEAK = YES;
				CLANG_WARN_BLOCK_CAPTURE_AUTORELEASING = YES;
				CLANG_WARN_BOOL_CONVERSION = YES;
				CLANG_WARN_COMMA = YES;
				CLANG_WARN_CONSTANT_CONVERSION = YES;
				CLANG_WARN_DEPRECATED_OBJC_IMPLEMENTATIONS = YES;
				CLANG_WARN_DIRECT_OBJC_ISA_USAGE = YES_ERROR;
				CLANG_WARN_DOCUMENTATION_COMMENTS = YES;
				CLANG_WARN_EMPTY_BODY = YES;
				CLANG_WARN_ENUM_CONVERSION = YES;
				CLANG_WARN_INFINITE_RECURSION = YES;
				CLANG_WARN_INT_CONVERSION = YES;
				CLANG_WARN_NON_LITERAL_NULL_CONVERSION = YES;
				CLANG_WARN_OBJC_IMPLICIT_RETAIN_SELF = YES;
				CLANG_WARN_OBJC_LITERAL_CONVERSION = YES;
				CLANG_WARN_OBJC_ROOT_CLASS = YES_ERROR;
				CLANG_WARN_QUOTED_INCLUDE_IN_FRAMEWORK_HEADER = YES;
				CLANG_WARN_RANGE_LOOP_ANALYSIS = YES;
				CLANG_WARN_STRICT_PROTOTYPES = YES;
				CLANG_WARN_SUSPICIOUS_MOVE = YES;
				CLANG_WARN_UNGUARDED_AVAILABILITY = YES_AGGRESSIVE;
				CLANG_WARN_UNREACHABLE_CODE = YES;
				CLANG_WARN__DUPLICATE_METHOD_MATCH = YES;
				COPY_PHASE_STRIP = NO;
				DEBUG_INFORMATION_FORMAT = dwarf;
				ENABLE_STRICT_OBJC_MSGSEND = YES;
				ENABLE_TESTABILITY = YES;
				GCC_C_LANGUAGE_STANDARD = gnu11;
				GCC_DYNAMIC_NO_PIC = NO;
				GCC_NO_COMMON_BLOCKS = YES;
				GCC_OPTIMIZATION_LEVEL = 0;
				GCC_PREPROCESSOR_DEFINITIONS = (
					"DEBUG=1",
					"$(inherited)",
				);
				GCC_WARN_64_TO_32_BIT_CONVERSION = YES;
				GCC_WARN_ABOUT_RETURN_TYPE = YES_ERROR;
				GCC_WARN_UNDECLARED_SELECTOR = YES;
				GCC_WARN_UNINITIALIZED_AUTOS = YES_AGGRESSIVE;
				GCC_WARN_UNUSED_FUNCTION = YES;
				GCC_WARN_UNUSED_VARIABLE = YES;
				IPHONEOS_DEPLOYMENT_TARGET = 16.1;
				MTL_ENABLE_DEBUG_INFO = INCLUDE_SOURCE;
				MTL_FAST_MATH = YES;
				ONLY_ACTIVE_ARCH = YES;
				SDKROOT = iphoneos;
				SWIFT_ACTIVE_COMPILATION_CONDITIONS = DEBUG;
				SWIFT_OPTIMIZATION_LEVEL = "-Onone";
			};
			name = Debug;
		};
		77D2F9B9291D0B8100CAF269 /* Release */ = {
			isa = XCBuildConfiguration;
			buildSettings = {
				ALWAYS_SEARCH_USER_PATHS = NO;
				CLANG_ANALYZER_NONNULL = YES;
				CLANG_ANALYZER_NUMBER_OBJECT_CONVERSION = YES_AGGRESSIVE;
				CLANG_CXX_LANGUAGE_STANDARD = "gnu++20";
				CLANG_ENABLE_MODULES = YES;
				CLANG_ENABLE_OBJC_ARC = YES;
				CLANG_ENABLE_OBJC_WEAK = YES;
				CLANG_WARN_BLOCK_CAPTURE_AUTORELEASING = YES;
				CLANG_WARN_BOOL_CONVERSION = YES;
				CLANG_WARN_COMMA = YES;
				CLANG_WARN_CONSTANT_CONVERSION = YES;
				CLANG_WARN_DEPRECATED_OBJC_IMPLEMENTATIONS = YES;
				CLANG_WARN_DIRECT_OBJC_ISA_USAGE = YES_ERROR;
				CLANG_WARN_DOCUMENTATION_COMMENTS = YES;
				CLANG_WARN_EMPTY_BODY = YES;
				CLANG_WARN_ENUM_CONVERSION = YES;
				CLANG_WARN_INFINITE_RECURSION = YES;
				CLANG_WARN_INT_CONVERSION = YES;
				CLANG_WARN_NON_LITERAL_NULL_CONVERSION = YES;
				CLANG_WARN_OBJC_IMPLICIT_RETAIN_SELF = YES;
				CLANG_WARN_OBJC_LITERAL_CONVERSION = YES;
				CLANG_WARN_OBJC_ROOT_CLASS = YES_ERROR;
				CLANG_WARN_QUOTED_INCLUDE_IN_FRAMEWORK_HEADER = YES;
				CLANG_WARN_RANGE_LOOP_ANALYSIS = YES;
				CLANG_WARN_STRICT_PROTOTYPES = YES;
				CLANG_WARN_SUSPICIOUS_MOVE = YES;
				CLANG_WARN_UNGUARDED_AVAILABILITY = YES_AGGRESSIVE;
				CLANG_WARN_UNREACHABLE_CODE = YES;
				CLANG_WARN__DUPLICATE_METHOD_MATCH = YES;
				COPY_PHASE_STRIP = NO;
				DEBUG_INFORMATION_FORMAT = "dwarf-with-dsym";
				ENABLE_NS_ASSERTIONS = NO;
				ENABLE_STRICT_OBJC_MSGSEND = YES;
				GCC_C_LANGUAGE_STANDARD = gnu11;
				GCC_NO_COMMON_BLOCKS = YES;
				GCC_WARN_64_TO_32_BIT_CONVERSION = YES;
				GCC_WARN_ABOUT_RETURN_TYPE = YES_ERROR;
				GCC_WARN_UNDECLARED_SELECTOR = YES;
				GCC_WARN_UNINITIALIZED_AUTOS = YES_AGGRESSIVE;
				GCC_WARN_UNUSED_FUNCTION = YES;
				GCC_WARN_UNUSED_VARIABLE = YES;
				IPHONEOS_DEPLOYMENT_TARGET = 16.1;
				MTL_ENABLE_DEBUG_INFO = NO;
				MTL_FAST_MATH = YES;
				SDKROOT = iphoneos;
				SWIFT_COMPILATION_MODE = wholemodule;
				SWIFT_OPTIMIZATION_LEVEL = "-O";
				VALIDATE_PRODUCT = YES;
			};
			name = Release;
		};
		77D2F9BB291D0B8100CAF269 /* Debug */ = {
			isa = XCBuildConfiguration;
			buildSettings = {
				ASSETCATALOG_COMPILER_APPICON_NAME = AppIcon;
				ASSETCATALOG_COMPILER_GLOBAL_ACCENT_COLOR_NAME = AccentColor;
				CODE_SIGN_STYLE = Automatic;
				CURRENT_PROJECT_VERSION = 1;
				DEVELOPMENT_TEAM = 8ZCN873879;
				GENERATE_INFOPLIST_FILE = YES;
				INFOPLIST_FILE = VIPCleanPOC/Info.plist;
				INFOPLIST_KEY_UIApplicationSupportsIndirectInputEvents = YES;
				INFOPLIST_KEY_UILaunchStoryboardName = LaunchScreen;
				INFOPLIST_KEY_UISupportedInterfaceOrientations_iPad = "UIInterfaceOrientationPortrait UIInterfaceOrientationPortraitUpsideDown UIInterfaceOrientationLandscapeLeft UIInterfaceOrientationLandscapeRight";
				INFOPLIST_KEY_UISupportedInterfaceOrientations_iPhone = "UIInterfaceOrientationPortrait UIInterfaceOrientationLandscapeLeft UIInterfaceOrientationLandscapeRight";
				IPHONEOS_DEPLOYMENT_TARGET = 16.0;
				LD_RUNPATH_SEARCH_PATHS = (
					"$(inherited)",
					"@executable_path/Frameworks",
				);
				MARKETING_VERSION = 1.0;
				PRODUCT_BUNDLE_IDENTIFIER = com.hisham.VIPCleanPOC;
				PRODUCT_NAME = "$(TARGET_NAME)";
				SUPPORTED_PLATFORMS = "iphoneos iphonesimulator";
				SUPPORTS_MACCATALYST = NO;
				SUPPORTS_MAC_DESIGNED_FOR_IPHONE_IPAD = NO;
				SWIFT_EMIT_LOC_STRINGS = YES;
				SWIFT_VERSION = 5.0;
				TARGETED_DEVICE_FAMILY = 1;
			};
			name = Debug;
		};
		77D2F9BC291D0B8100CAF269 /* Release */ = {
			isa = XCBuildConfiguration;
			buildSettings = {
				ASSETCATALOG_COMPILER_APPICON_NAME = AppIcon;
				ASSETCATALOG_COMPILER_GLOBAL_ACCENT_COLOR_NAME = AccentColor;
				CODE_SIGN_STYLE = Automatic;
				CURRENT_PROJECT_VERSION = 1;
				DEVELOPMENT_TEAM = 8ZCN873879;
				GENERATE_INFOPLIST_FILE = YES;
				INFOPLIST_FILE = VIPCleanPOC/Info.plist;
				INFOPLIST_KEY_UIApplicationSupportsIndirectInputEvents = YES;
				INFOPLIST_KEY_UILaunchStoryboardName = LaunchScreen;
				INFOPLIST_KEY_UISupportedInterfaceOrientations_iPad = "UIInterfaceOrientationPortrait UIInterfaceOrientationPortraitUpsideDown UIInterfaceOrientationLandscapeLeft UIInterfaceOrientationLandscapeRight";
				INFOPLIST_KEY_UISupportedInterfaceOrientations_iPhone = "UIInterfaceOrientationPortrait UIInterfaceOrientationLandscapeLeft UIInterfaceOrientationLandscapeRight";
				IPHONEOS_DEPLOYMENT_TARGET = 16.0;
				LD_RUNPATH_SEARCH_PATHS = (
					"$(inherited)",
					"@executable_path/Frameworks",
				);
				MARKETING_VERSION = 1.0;
				PRODUCT_BUNDLE_IDENTIFIER = com.hisham.VIPCleanPOC;
				PRODUCT_NAME = "$(TARGET_NAME)";
				SUPPORTED_PLATFORMS = "iphoneos iphonesimulator";
				SUPPORTS_MACCATALYST = NO;
				SUPPORTS_MAC_DESIGNED_FOR_IPHONE_IPAD = NO;
				SWIFT_EMIT_LOC_STRINGS = YES;
				SWIFT_VERSION = 5.0;
				TARGETED_DEVICE_FAMILY = 1;
			};
			name = Release;
		};
		77D2F9BE291D0B8100CAF269 /* Debug */ = {
			isa = XCBuildConfiguration;
			buildSettings = {
				ALWAYS_EMBED_SWIFT_STANDARD_LIBRARIES = YES;
				BUNDLE_LOADER = "$(TEST_HOST)";
				CODE_SIGN_STYLE = Automatic;
				CURRENT_PROJECT_VERSION = 1;
				DEVELOPMENT_TEAM = 8ZCN873879;
				GENERATE_INFOPLIST_FILE = YES;
				IPHONEOS_DEPLOYMENT_TARGET = 16.1;
				MARKETING_VERSION = 1.0;
				PRODUCT_BUNDLE_IDENTIFIER = com.hisham.VIPCleanPOCTests;
				PRODUCT_NAME = "$(TARGET_NAME)";
				SWIFT_EMIT_LOC_STRINGS = NO;
				SWIFT_VERSION = 5.0;
				TARGETED_DEVICE_FAMILY = "1,2";
				TEST_HOST = "$(BUILT_PRODUCTS_DIR)/VIPCleanPOC.app/$(BUNDLE_EXECUTABLE_FOLDER_PATH)/VIPCleanPOC";
			};
			name = Debug;
		};
		77D2F9BF291D0B8100CAF269 /* Release */ = {
			isa = XCBuildConfiguration;
			buildSettings = {
				ALWAYS_EMBED_SWIFT_STANDARD_LIBRARIES = YES;
				BUNDLE_LOADER = "$(TEST_HOST)";
				CODE_SIGN_STYLE = Automatic;
				CURRENT_PROJECT_VERSION = 1;
				DEVELOPMENT_TEAM = 8ZCN873879;
				GENERATE_INFOPLIST_FILE = YES;
				IPHONEOS_DEPLOYMENT_TARGET = 16.1;
				MARKETING_VERSION = 1.0;
				PRODUCT_BUNDLE_IDENTIFIER = com.hisham.VIPCleanPOCTests;
				PRODUCT_NAME = "$(TARGET_NAME)";
				SWIFT_EMIT_LOC_STRINGS = NO;
				SWIFT_VERSION = 5.0;
				TARGETED_DEVICE_FAMILY = "1,2";
				TEST_HOST = "$(BUILT_PRODUCTS_DIR)/VIPCleanPOC.app/$(BUNDLE_EXECUTABLE_FOLDER_PATH)/VIPCleanPOC";
			};
			name = Release;
		};
		77D2F9C1291D0B8100CAF269 /* Debug */ = {
			isa = XCBuildConfiguration;
			buildSettings = {
				ALWAYS_EMBED_SWIFT_STANDARD_LIBRARIES = YES;
				CODE_SIGN_STYLE = Automatic;
				CURRENT_PROJECT_VERSION = 1;
				DEVELOPMENT_TEAM = 8ZCN873879;
				GENERATE_INFOPLIST_FILE = YES;
				MARKETING_VERSION = 1.0;
				PRODUCT_BUNDLE_IDENTIFIER = com.hisham.VIPCleanPOCUITests;
				PRODUCT_NAME = "$(TARGET_NAME)";
				SWIFT_EMIT_LOC_STRINGS = NO;
				SWIFT_VERSION = 5.0;
				TARGETED_DEVICE_FAMILY = "1,2";
				TEST_TARGET_NAME = VIPCleanPOC;
			};
			name = Debug;
		};
		77D2F9C2291D0B8100CAF269 /* Release */ = {
			isa = XCBuildConfiguration;
			buildSettings = {
				ALWAYS_EMBED_SWIFT_STANDARD_LIBRARIES = YES;
				CODE_SIGN_STYLE = Automatic;
				CURRENT_PROJECT_VERSION = 1;
				DEVELOPMENT_TEAM = 8ZCN873879;
				GENERATE_INFOPLIST_FILE = YES;
				MARKETING_VERSION = 1.0;
				PRODUCT_BUNDLE_IDENTIFIER = com.hisham.VIPCleanPOCUITests;
				PRODUCT_NAME = "$(TARGET_NAME)";
				SWIFT_EMIT_LOC_STRINGS = NO;
				SWIFT_VERSION = 5.0;
				TARGETED_DEVICE_FAMILY = "1,2";
				TEST_TARGET_NAME = VIPCleanPOC;
			};
			name = Release;
		};
/* End XCBuildConfiguration section */

/* Begin XCConfigurationList section */
		77D2F98B291D0B8000CAF269 /* Build configuration list for PBXProject "VIPCleanPOC" */ = {
			isa = XCConfigurationList;
			buildConfigurations = (
				77D2F9B8291D0B8100CAF269 /* Debug */,
				77D2F9B9291D0B8100CAF269 /* Release */,
			);
			defaultConfigurationIsVisible = 0;
			defaultConfigurationName = Release;
		};
		77D2F9BA291D0B8100CAF269 /* Build configuration list for PBXNativeTarget "VIPCleanPOC" */ = {
			isa = XCConfigurationList;
			buildConfigurations = (
				77D2F9BB291D0B8100CAF269 /* Debug */,
				77D2F9BC291D0B8100CAF269 /* Release */,
			);
			defaultConfigurationIsVisible = 0;
			defaultConfigurationName = Release;
		};
		77D2F9BD291D0B8100CAF269 /* Build configuration list for PBXNativeTarget "VIPCleanPOCTests" */ = {
			isa = XCConfigurationList;
			buildConfigurations = (
				77D2F9BE291D0B8100CAF269 /* Debug */,
				77D2F9BF291D0B8100CAF269 /* Release */,
			);
			defaultConfigurationIsVisible = 0;
			defaultConfigurationName = Release;
		};
		77D2F9C0291D0B8100CAF269 /* Build configuration list for PBXNativeTarget "VIPCleanPOCUITests" */ = {
			isa = XCConfigurationList;
			buildConfigurations = (
				77D2F9C1291D0B8100CAF269 /* Debug */,
				77D2F9C2291D0B8100CAF269 /* Release */,
			);
			defaultConfigurationIsVisible = 0;
			defaultConfigurationName = Release;
		};
/* End XCConfigurationList section */
	};
	rootObject = 77D2F988291D0B8000CAF269 /* Project object */;
}
